# DO NOT EDIT MANUALLY - Managed by Fern Replay
version: "1.0"
generations:
  - commit_sha: 0e754b1df72737e17c99890e91804b5e190de67c
    tree_hash: 9e8b23bd04dc09903440edb62a7f769eb5be7c1d
    timestamp: 2026-08-26T02:16:38.526Z
    cli_version: unknown
    generator_versions: {}
current_generation: 0e754b1df72737e17c99890e91804b5e190de67c
patches: []
